# @generated by Move, please check-in and do not edit manually.

[move]
version = 2
manifest_digest = "C9E055902FCCD12A9221524470253416E6848BFA1A5997114857E7048D1D21F9"
deps_digest = "F8BBB0CCB2491CA29A3DF03D6F92277A4F3574266507ACD77214D37ECA3F3082"
dependencies = [
  { name = "Sui" },
]

[[move.package]]
name = "MoveStdlib"
source = { local = "../../../sui/crates/sui-framework/packages/move-stdlib" }

[[move.package]]
name = "Sui"
source = { local = "../../../sui/crates/sui-framework/packages/sui-framework" }

dependencies = [
  { name = "MoveStdlib" },
]

[move.toolchain-version]
compiler-version = "1.23.0"
edition = "2024.beta"
flavor = "sui"

[env]

[env.localnet]
chain-id = "d1602b83"
original-published-id = "0x5452ac35f46a2b10c1ad45c8c5bb352ac2c38d5e2bf56469486d760b33dd4c7e"
latest-published-id = "0x5452ac35f46a2b10c1ad45c8c5bb352ac2c38d5e2bf56469486d760b33dd4c7e"
published-version = "1"
