# @generated by Move, please check-in and do not edit manually.

[move]
version = 2
manifest_digest = "7C6E5ABF1ED7ADB43A8F715A69E0C9C08327A5752732218B906370E50E635612"
deps_digest = "F8BBB0CCB2491CA29A3DF03D6F92277A4F3574266507ACD77214D37ECA3F3082"
dependencies = [
  { name = "Sui" },
]

[[move.package]]
name = "MoveStdlib"
source = { local = "../../../sui/crates/sui-framework/packages/move-stdlib" }

[[move.package]]
name = "Sui"
source = { local = "../../../sui/crates/sui-framework/packages/sui-framework" }

dependencies = [
  { name = "MoveStdlib" },
]

[move.toolchain-version]
compiler-version = "1.24.0"
edition = "2024.beta"
flavor = "sui"

[env]

[env.mainnet]
chain-id = "35834a8a"
original-published-id = "0x30a644c3485ee9b604f52165668895092191fcaf5489a846afa7fc11cdb9b24a"
latest-published-id = "0x30a644c3485ee9b604f52165668895092191fcaf5489a846afa7fc11cdb9b24a"
published-version = "1"
